
Microsoft Visual Studio Solution File, Format Version 12.00
# Visual Studio 15
Project("{FAE04EC0-301F-11D3-BF4B-00C04F79EFBC}") = "Assembly-CSharp", "Assembly-CSharp.csproj", "{F2832618-775E-C0F7-23AA-598AFB582538}"
EndProject
Project("{FAE04EC0-301F-11D3-BF4B-00C04F79EFBC}") = "Assembly-CSharp-Editor", "Assembly-CSharp-Editor.csproj", "{4129B277-82F9-9BAC-3AC3-68B358CA88AF}"
EndProject
Project("{FAE04EC0-301F-11D3-BF4B-00C04F79EFBC}") = "ToonyColorsPro.Editor", "ToonyColorsPro.Editor.csproj", "{DE88B8E7-963D-6572-CE79-88C8EE82CA42}"
EndProject
Project("{FAE04EC0-301F-11D3-BF4B-00C04F79EFBC}") = "ToonyColorsPro2.Demo", "ToonyColorsPro2.Demo.csproj", "{95AC92B9-FBF8-DBFA-D534-F53DFB675FE3}"
EndProject
Project("{FAE04EC0-301F-11D3-BF4B-00C04F79EFBC}") = "ToonyColorsPro.Runtime", "ToonyColorsPro.Runtime.csproj", "{2A7E17E3-DB41-FC4F-4DB0-8A6DCC644336}"
EndProject
Project("{FAE04EC0-301F-11D3-BF4B-00C04F79EFBC}") = "GoogleMobileAds.Editor", "GoogleMobileAds.Editor.csproj", "{F337B385-5DAD-343D-0A62-A2EBF429DE7B}"
EndProject
Global
	GlobalSection(SolutionConfigurationPlatforms) = preSolution
		Debug|Any CPU = Debug|Any CPU
		Release|Any CPU = Release|Any CPU
	EndGlobalSection
	GlobalSection(ProjectConfigurationPlatforms) = postSolution
		{F2832618-775E-C0F7-23AA-598AFB582538}.Debug|Any CPU.ActiveCfg = Debug|Any CPU
		{F2832618-775E-C0F7-23AA-598AFB582538}.Debug|Any CPU.Build.0 = Debug|Any CPU
		{F2832618-775E-C0F7-23AA-598AFB582538}.Release|Any CPU.ActiveCfg = Release|Any CPU
		{F2832618-775E-C0F7-23AA-598AFB582538}.Release|Any CPU.Build.0 = Release|Any CPU
		{4129B277-82F9-9BAC-3AC3-68B358CA88AF}.Debug|Any CPU.ActiveCfg = Debug|Any CPU
		{4129B277-82F9-9BAC-3AC3-68B358CA88AF}.Debug|Any CPU.Build.0 = Debug|Any CPU
		{4129B277-82F9-9BAC-3AC3-68B358CA88AF}.Release|Any CPU.ActiveCfg = Release|Any CPU
		{4129B277-82F9-9BAC-3AC3-68B358CA88AF}.Release|Any CPU.Build.0 = Release|Any CPU
		{DE88B8E7-963D-6572-CE79-88C8EE82CA42}.Debug|Any CPU.ActiveCfg = Debug|Any CPU
		{DE88B8E7-963D-6572-CE79-88C8EE82CA42}.Debug|Any CPU.Build.0 = Debug|Any CPU
		{DE88B8E7-963D-6572-CE79-88C8EE82CA42}.Release|Any CPU.ActiveCfg = Release|Any CPU
		{DE88B8E7-963D-6572-CE79-88C8EE82CA42}.Release|Any CPU.Build.0 = Release|Any CPU
		{95AC92B9-FBF8-DBFA-D534-F53DFB675FE3}.Debug|Any CPU.ActiveCfg = Debug|Any CPU
		{95AC92B9-FBF8-DBFA-D534-F53DFB675FE3}.Debug|Any CPU.Build.0 = Debug|Any CPU
		{95AC92B9-FBF8-DBFA-D534-F53DFB675FE3}.Release|Any CPU.ActiveCfg = Release|Any CPU
		{95AC92B9-FBF8-DBFA-D534-F53DFB675FE3}.Release|Any CPU.Build.0 = Release|Any CPU
		{2A7E17E3-DB41-FC4F-4DB0-8A6DCC644336}.Debug|Any CPU.ActiveCfg = Debug|Any CPU
		{2A7E17E3-DB41-FC4F-4DB0-8A6DCC644336}.Debug|Any CPU.Build.0 = Debug|Any CPU
		{2A7E17E3-DB41-FC4F-4DB0-8A6DCC644336}.Release|Any CPU.ActiveCfg = Release|Any CPU
		{2A7E17E3-DB41-FC4F-4DB0-8A6DCC644336}.Release|Any CPU.Build.0 = Release|Any CPU
		{F337B385-5DAD-343D-0A62-A2EBF429DE7B}.Debug|Any CPU.ActiveCfg = Debug|Any CPU
		{F337B385-5DAD-343D-0A62-A2EBF429DE7B}.Debug|Any CPU.Build.0 = Debug|Any CPU
		{F337B385-5DAD-343D-0A62-A2EBF429DE7B}.Release|Any CPU.ActiveCfg = Release|Any CPU
		{F337B385-5DAD-343D-0A62-A2EBF429DE7B}.Release|Any CPU.Build.0 = Release|Any CPU
	EndGlobalSection
	GlobalSection(SolutionProperties) = preSolution
		HideSolutionNode = FALSE
	EndGlobalSection
EndGlobal
